
Microsoft Visual Studio Solution File, Format Version 12.00
# Visual Studio Version 16
VisualStudioVersion = 25.0.1704.2
MinimumVisualStudioVersion = 10.0.40219.1
Project("{FAE04EC0-301F-11D3-BF4B-00C04F79EFBC}") = "BMI", "BMI\BMI.csproj", "{AA14055A-2613-4FF0-881A-4281A1147B9E}"
EndProject
Global
	GlobalSection(SolutionConfigurationPlatforms) = preSolution
		Debug|Any CPU = Debug|Any CPU
		Release|Any CPU = Release|Any CPU
	EndGlobalSection
	GlobalSection(ProjectConfigurationPlatforms) = postSolution
		{AA14055A-2613-4FF0-881A-4281A1147B9E}.Debug|Any CPU.ActiveCfg = Debug|Any CPU
		{AA14055A-2613-4FF0-881A-4281A1147B9E}.Debug|Any CPU.Build.0 = Debug|Any CPU
		{AA14055A-2613-4FF0-881A-4281A1147B9E}.Release|Any CPU.ActiveCfg = Release|Any CPU
		{AA14055A-2613-4FF0-881A-4281A1147B9E}.Release|Any CPU.Build.0 = Release|Any CPU
	EndGlobalSection
	GlobalSection(SolutionProperties) = preSolution
		HideSolutionNode = FALSE
	EndGlobalSection
	GlobalSection(ExtensibilityGlobals) = postSolution
		SolutionGuid = {B3F5F120-B49A-47B6-AED0-449E0CD4488A}
	EndGlobalSection
EndGlobal
